// !$*UTF8*$!
{
	archiveVersion = 1;
	classes = {
	};
	objectVersion = 55;
	objects = {

/* Begin PBXBuildFile section */
		1FBD2BAF28AA927C004A1190 /* YemekTableViewCell.swift in Sources */ = {isa = PBXBuildFile; fileRef = 1FBD2BAE28AA927C004A1190 /* YemekTableViewCell.swift */; };
		1FBD2BB128AA9399004A1190 /* Yemekler.swift in Sources */ = {isa = PBXBuildFile; fileRef = 1FBD2BB028AA9399004A1190 /* Yemekler.swift */; };
		1FF34B2728AA8DD6004C9F4B /* AppDelegate.swift in Sources */ = {isa = PBXBuildFile; fileRef = 1FF34B2628AA8DD6004C9F4B /* AppDelegate.swift */; };
		1FF34B2928AA8DD6004C9F4B /* SceneDelegate.swift in Sources */ = {isa = PBXBuildFile; fileRef = 1FF34B2828AA8DD6004C9F4B /* SceneDelegate.swift */; };
		1FF34B2B28AA8DD6004C9F4B /* ViewController.swift in Sources */ = {isa = PBXBuildFile; fileRef = 1FF34B2A28AA8DD6004C9F4B /* ViewController.swift */; };
		1FF34B2E28AA8DD6004C9F4B /* Main.storyboard in Resources */ = {isa = PBXBuildFile; fileRef = 1FF34B2C28AA8DD6004C9F4B /* Main.storyboard */; };
		1FF34B3028AA8DD7004C9F4B /* Assets.xcassets in Resources */ = {isa = PBXBuildFile; fileRef = 1FF34B2F28AA8DD7004C9F4B /* Assets.xcassets */; };
		1FF34B3328AA8DD7004C9F4B /* LaunchScreen.storyboard in Resources */ = {isa = PBXBuildFile; fileRef = 1FF34B3128AA8DD7004C9F4B /* LaunchScreen.storyboard */; };
		1FF34B3E28AA8DD7004C9F4B /* TableViewExerciseTests.swift in Sources */ = {isa = PBXBuildFile; fileRef = 1FF34B3D28AA8DD7004C9F4B /* TableViewExerciseTests.swift */; };
		1FF34B4828AA8DD7004C9F4B /* TableViewExerciseUITests.swift in Sources */ = {isa = PBXBuildFile; fileRef = 1FF34B4728AA8DD7004C9F4B /* TableViewExerciseUITests.swift */; };
		1FF34B4A28AA8DD7004C9F4B /* TableViewExerciseUITestsLaunchTests.swift in Sources */ = {isa = PBXBuildFile; fileRef = 1FF34B4928AA8DD7004C9F4B /* TableViewExerciseUITestsLaunchTests.swift */; };
/* End PBXBuildFile section */

/* Begin PBXContainerItemProxy section */
		1FF34B3A28AA8DD7004C9F4B /* PBXContainerItemProxy */ = {
			isa = PBXContainerItemProxy;
			containerPortal = 1FF34B1B28AA8DD6004C9F4B /* Project object */;
			proxyType = 1;
			remoteGlobalIDString = 1FF34B2228AA8DD6004C9F4B;
			remoteInfo = TableViewExercise;
		};
		1FF34B4428AA8DD7004C9F4B /* PBXContainerItemProxy */ = {
			isa = PBXContainerItemProxy;
			containerPortal = 1FF34B1B28AA8DD6004C9F4B /* Project object */;
			proxyType = 1;
			remoteGlobalIDString = 1FF34B2228AA8DD6004C9F4B;
			remoteInfo = TableViewExercise;
		};
/* End PBXContainerItemProxy section */

/* Begin PBXFileReference section */
		1FBD2BAE28AA927C004A1190 /* YemekTableViewCell.swift */ = {isa = PBXFileReference; lastKnownFileType = sourcecode.swift; path = YemekTableViewCell.swift; sourceTree = "<group>"; };
		1FBD2BB028AA9399004A1190 /* Yemekler.swift */ = {isa = PBXFileReference; lastKnownFileType = sourcecode.swift; path = Yemekler.swift; sourceTree = "<group>"; };
		1FF34B2328AA8DD6004C9F4B /* TableViewExercise.app */ = {isa = PBXFileReference; explicitFileType = wrapper.application; includeInIndex = 0; path = TableViewExercise.app; sourceTree = BUILT_PRODUCTS_DIR; };
		1FF34B2628AA8DD6004C9F4B /* AppDelegate.swift */ = {isa = PBXFileReference; lastKnownFileType = sourcecode.swift; path = AppDelegate.swift; sourceTree = "<group>"; };
		1FF34B2828AA8DD6004C9F4B /* SceneDelegate.swift */ = {isa = PBXFileReference; lastKnownFileType = sourcecode.swift; path = SceneDelegate.swift; sourceTree = "<group>"; };
		1FF34B2A28AA8DD6004C9F4B /* ViewController.swift */ = {isa = PBXFileReference; lastKnownFileType = sourcecode.swift; path = ViewController.swift; sourceTree = "<group>"; };
		1FF34B2D28AA8DD6004C9F4B /* Base */ = {isa = PBXFileReference; lastKnownFileType = file.storyboard; name = Base; path = Base.lproj/Main.storyboard; sourceTree = "<group>"; };
		1FF34B2F28AA8DD7004C9F4B /* Assets.xcassets */ = {isa = PBXFileReference; lastKnownFileType = folder.assetcatalog; path = Assets.xcassets; sourceTree = "<group>"; };
		1FF34B3228AA8DD7004C9F4B /* Base */ = {isa = PBXFileReference; lastKnownFileType = file.storyboard; name = Base; path = Base.lproj/LaunchScreen.storyboard; sourceTree = "<group>"; };
		1FF34B3428AA8DD7004C9F4B /* Info.plist */ = {isa = PBXFileReference; lastKnownFileType = text.plist.xml; path = Info.plist; sourceTree = "<group>"; };
		1FF34B3928AA8DD7004C9F4B /* TableViewExerciseTests.xctest */ = {isa = PBXFileReference; explicitFileType = wrapper.cfbundle; includeInIndex = 0; path = TableViewExerciseTests.xctest; sourceTree = BUILT_PRODUCTS_DIR; };
		1FF34B3D28AA8DD7004C9F4B /* TableViewExerciseTests.swift */ = {isa = PBXFileReference; lastKnownFileType = sourcecode.swift; path = TableViewExerciseTests.swift; sourceTree = "<group>"; };
		1FF34B4328AA8DD7004C9F4B /* TableViewExerciseUITests.xctest */ = {isa = PBXFileReference; explicitFileType = wrapper.cfbundle; includeInIndex = 0; path = TableViewExerciseUITests.xctest; sourceTree = BUILT_PRODUCTS_DIR; };
		1FF34B4728AA8DD7004C9F4B /* TableViewExerciseUITests.swift */ = {isa = PBXFileReference; lastKnownFileType = sourcecode.swift; path = TableViewExerciseUITests.swift; sourceTree = "<group>"; };
		1FF34B4928AA8DD7004C9F4B /* TableViewExerciseUITestsLaunchTests.swift */ = {isa = PBXFileReference; lastKnownFileType = sourcecode.swift; path = TableViewExerciseUITestsLaunchTests.swift; sourceTree = "<group>"; };
/* End PBXFileReference section */

/* Begin PBXFrameworksBuildPhase section */
		1FF34B2028AA8DD6004C9F4B /* Frameworks */ = {
			isa = PBXFrameworksBuildPhase;
			buildActionMask = 2147483647;
			files = (
			);
			runOnlyForDeploymentPostprocessing = 0;
		};
		1FF34B3628AA8DD7004C9F4B /* Frameworks */ = {
			isa = PBXFrameworksBuildPhase;
			buildActionMask = 2147483647;
			files = (
			);
			runOnlyForDeploymentPostprocessing = 0;
		};
		1FF34B4028AA8DD7004C9F4B /* Frameworks */ = {
			isa = PBXFrameworksBuildPhase;
			buildActionMask = 2147483647;
			files = (
			);
			runOnlyForDeploymentPostprocessing = 0;
		};
/* End PBXFrameworksBuildPhase section */

/* Begin PBXGroup section */
		1FF34B1A28AA8DD6004C9F4B = {
			isa = PBXGroup;
			children = (
				1FF34B2528AA8DD6004C9F4B /* TableViewExercise */,
				1FF34B3C28AA8DD7004C9F4B /* TableViewExerciseTests */,
				1FF34B4628AA8DD7004C9F4B /* TableViewExerciseUITests */,
				1FF34B2428AA8DD6004C9F4B /* Products */,
			);
			sourceTree = "<group>";
		};
		1FF34B2428AA8DD6004C9F4B /* Products */ = {
			isa = PBXGroup;
			children = (
				1FF34B2328AA8DD6004C9F4B /* TableViewExercise.app */,
				1FF34B3928AA8DD7004C9F4B /* TableViewExerciseTests.xctest */,
				1FF34B4328AA8DD7004C9F4B /* TableViewExerciseUITests.xctest */,
			);
			name = Products;
			sourceTree = "<group>";
		};
		1FF34B2528AA8DD6004C9F4B /* TableViewExercise */ = {
			isa = PBXGroup;
			children = (
				1FF34B2628AA8DD6004C9F4B /* AppDelegate.swift */,
				1FF34B2828AA8DD6004C9F4B /* SceneDelegate.swift */,
				1FF34B2A28AA8DD6004C9F4B /* ViewController.swift */,
				1FF34B2C28AA8DD6004C9F4B /* Main.storyboard */,
				1FF34B2F28AA8DD7004C9F4B /* Assets.xcassets */,
				1FF34B3128AA8DD7004C9F4B /* LaunchScreen.storyboard */,
				1FF34B3428AA8DD7004C9F4B /* Info.plist */,
				1FBD2BAE28AA927C004A1190 /* YemekTableViewCell.swift */,
				1FBD2BB028AA9399004A1190 /* Yemekler.swift */,
			);
			path = TableViewExercise;
			sourceTree = "<group>";
		};
		1FF34B3C28AA8DD7004C9F4B /* TableViewExerciseTests */ = {
			isa = PBXGroup;
			children = (
				1FF34B3D28AA8DD7004C9F4B /* TableViewExerciseTests.swift */,
			);
			path = TableViewExerciseTests;
			sourceTree = "<group>";
		};
		1FF34B4628AA8DD7004C9F4B /* TableViewExerciseUITests */ = {
			isa = PBXGroup;
			children = (
				1FF34B4728AA8DD7004C9F4B /* TableViewExerciseUITests.swift */,
				1FF34B4928AA8DD7004C9F4B /* TableViewExerciseUITestsLaunchTests.swift */,
			);
			path = TableViewExerciseUITests;
			sourceTree = "<group>";
		};
/* End PBXGroup section */

/* Begin PBXNativeTarget section */
		1FF34B2228AA8DD6004C9F4B /* TableViewExercise */ = {
			isa = PBXNativeTarget;
			buildConfigurationList = 1FF34B4D28AA8DD7004C9F4B /* Build configuration list for PBXNativeTarget "TableViewExercise" */;
			buildPhases = (
				1FF34B1F28AA8DD6004C9F4B /* Sources */,
				1FF34B2028AA8DD6004C9F4B /* Frameworks */,
				1FF34B2128AA8DD6004C9F4B /* Resources */,
			);
			buildRules = (
			);
			dependencies = (
			);
			name = TableViewExercise;
			productName = TableViewExercise;
			productReference = 1FF34B2328AA8DD6004C9F4B /* TableViewExercise.app */;
			productType = "com.apple.product-type.application";
		};
		1FF34B3828AA8DD7004C9F4B /* TableViewExerciseTests */ = {
			isa = PBXNativeTarget;
			buildConfigurationList = 1FF34B5028AA8DD7004C9F4B /* Build configuration list for PBXNativeTarget "TableViewExerciseTests" */;
			buildPhases = (
				1FF34B3528AA8DD7004C9F4B /* Sources */,
				1FF34B3628AA8DD7004C9F4B /* Frameworks */,
				1FF34B3728AA8DD7004C9F4B /* Resources */,
			);
			buildRules = (
			);
			dependencies = (
				1FF34B3B28AA8DD7004C9F4B /* PBXTargetDependency */,
			);
			name = TableViewExerciseTests;
			productName = TableViewExerciseTests;
			productReference = 1FF34B3928AA8DD7004C9F4B /* TableViewExerciseTests.xctest */;
			productType = "com.apple.product-type.bundle.unit-test";
		};
		1FF34B4228AA8DD7004C9F4B /* TableViewExerciseUITests */ = {
			isa = PBXNativeTarget;
			buildConfigurationList = 1FF34B5328AA8DD7004C9F4B /* Build configuration list for PBXNativeTarget "TableViewExerciseUITests" */;
			buildPhases = (
				1FF34B3F28AA8DD7004C9F4B /* Sources */,
				1FF34B4028AA8DD7004C9F4B /* Frameworks */,
				1FF34B4128AA8DD7004C9F4B /* Resources */,
			);
			buildRules = (
			);
			dependencies = (
				1FF34B4528AA8DD7004C9F4B /* PBXTargetDependency */,
			);
			name = TableViewExerciseUITests;
			productName = TableViewExerciseUITests;
			productReference = 1FF34B4328AA8DD7004C9F4B /* TableViewExerciseUITests.xctest */;
			productType = "com.apple.product-type.bundle.ui-testing";
		};
/* End PBXNativeTarget section */

/* Begin PBXProject section */
		1FF34B1B28AA8DD6004C9F4B /* Project object */ = {
			isa = PBXProject;
			attributes = {
				BuildIndependentTargetsInParallel = 1;
				LastSwiftUpdateCheck = 1340;
				LastUpgradeCheck = 1340;
				TargetAttributes = {
					1FF34B2228AA8DD6004C9F4B = {
						CreatedOnToolsVersion = 13.4.1;
					};
					1FF34B3828AA8DD7004C9F4B = {
						CreatedOnToolsVersion = 13.4.1;
						TestTargetID = 1FF34B2228AA8DD6004C9F4B;
					};
					1FF34B4228AA8DD7004C9F4B = {
						CreatedOnToolsVersion = 13.4.1;
						TestTargetID = 1FF34B2228AA8DD6004C9F4B;
					};
				};
			};
			buildConfigurationList = 1FF34B1E28AA8DD6004C9F4B /* Build configuration list for PBXProject "TableViewExercise" */;
			compatibilityVersion = "Xcode 13.0";
			developmentRegion = en;
			hasScannedForEncodings = 0;
			knownRegions = (
				en,
				Base,
			);
			mainGroup = 1FF34B1A28AA8DD6004C9F4B;
			productRefGroup = 1FF34B2428AA8DD6004C9F4B /* Products */;
			projectDirPath = "";
			projectRoot = "";
			targets = (
				1FF34B2228AA8DD6004C9F4B /* TableViewExercise */,
				1FF34B3828AA8DD7004C9F4B /* TableViewExerciseTests */,
				1FF34B4228AA8DD7004C9F4B /* TableViewExerciseUITests */,
			);
		};
/* End PBXProject section */

/* Begin PBXResourcesBuildPhase section */
		1FF34B2128AA8DD6004C9F4B /* Resources */ = {
			isa = PBXResourcesBuildPhase;
			buildActionMask = 2147483647;
			files = (
				1FF34B3328AA8DD7004C9F4B /* LaunchScreen.storyboard in Resources */,
				1FF34B3028AA8DD7004C9F4B /* Assets.xcassets in Resources */,
				1FF34B2E28AA8DD6004C9F4B /* Main.storyboard in Resources */,
			);
			runOnlyForDeploymentPostprocessing = 0;
		};
		1FF34B3728AA8DD7004C9F4B /* Resources */ = {
			isa = PBXResourcesBuildPhase;
			buildActionMask = 2147483647;
			files = (
			);
			runOnlyForDeploymentPostprocessing = 0;
		};
		1FF34B4128AA8DD7004C9F4B /* Resources */ = {
			isa = PBXResourcesBuildPhase;
			buildActionMask = 2147483647;
			files = (
			);
			runOnlyForDeploymentPostprocessing = 0;
		};
/* End PBXResourcesBuildPhase section */

/* Begin PBXSourcesBuildPhase section */
		1FF34B1F28AA8DD6004C9F4B /* Sources */ = {
			isa = PBXSourcesBuildPhase;
			buildActionMask = 2147483647;
			files = (
				1FBD2BB128AA9399004A1190 /* Yemekler.swift in Sources */,
				1FF34B2B28AA8DD6004C9F4B /* ViewController.swift in Sources */,
				1FBD2BAF28AA927C004A1190 /* YemekTableViewCell.swift in Sources */,
				1FF34B2728AA8DD6004C9F4B /* AppDelegate.swift in Sources */,
				1FF34B2928AA8DD6004C9F4B /* SceneDelegate.swift in Sources */,
			);
			runOnlyForDeploymentPostprocessing = 0;
		};
		1FF34B3528AA8DD7004C9F4B /* Sources */ = {
			isa = PBXSourcesBuildPhase;
			buildActionMask = 2147483647;
			files = (
				1FF34B3E28AA8DD7004C9F4B /* TableViewExerciseTests.swift in Sources */,
			);
			runOnlyForDeploymentPostprocessing = 0;
		};
		1FF34B3F28AA8DD7004C9F4B /* Sources */ = {
			isa = PBXSourcesBuildPhase;
			buildActionMask = 2147483647;
			files = (
				1FF34B4A28AA8DD7004C9F4B /* TableViewExerciseUITestsLaunchTests.swift in Sources */,
				1FF34B4828AA8DD7004C9F4B /* TableViewExerciseUITests.swift in Sources */,
			);
			runOnlyForDeploymentPostprocessing = 0;
		};
/* End PBXSourcesBuildPhase section */

/* Begin PBXTargetDependency section */
		1FF34B3B28AA8DD7004C9F4B /* PBXTargetDependency */ = {
			isa = PBXTargetDependency;
			target = 1FF34B2228AA8DD6004C9F4B /* TableViewExercise */;
			targetProxy = 1FF34B3A28AA8DD7004C9F4B /* PBXContainerItemProxy */;
		};
		1FF34B4528AA8DD7004C9F4B /* PBXTargetDependency */ = {
			isa = PBXTargetDependency;
			target = 1FF34B2228AA8DD6004C9F4B /* TableViewExercise */;
			targetProxy = 1FF34B4428AA8DD7004C9F4B /* PBXContainerItemProxy */;
		};
/* End PBXTargetDependency section */

/* Begin PBXVariantGroup section */
		1FF34B2C28AA8DD6004C9F4B /* Main.storyboard */ = {
			isa = PBXVariantGroup;
			children = (
				1FF34B2D28AA8DD6004C9F4B /* Base */,
			);
			name = Main.storyboard;
			sourceTree = "<group>";
		};
		1FF34B3128AA8DD7004C9F4B /* LaunchScreen.storyboard */ = {
			isa = PBXVariantGroup;
			children = (
				1FF34B3228AA8DD7004C9F4B /* Base */,
			);
			name = LaunchScreen.storyboard;
			sourceTree = "<group>";
		};
/* End PBXVariantGroup section */

/* Begin XCBuildConfiguration section */
		1FF34B4B28AA8DD7004C9F4B /* Debug */ = {
			isa = XCBuildConfiguration;
			buildSettings = {
				ALWAYS_SEARCH_USER_PATHS = NO;
				CLANG_ANALYZER_NONNULL = YES;
				CLANG_ANALYZER_NUMBER_OBJECT_CONVERSION = YES_AGGRESSIVE;
				CLANG_CXX_LANGUAGE_STANDARD = "gnu++17";
				CLANG_ENABLE_MODULES = YES;
				CLANG_ENABLE_OBJC_ARC = YES;
				CLANG_ENABLE_OBJC_WEAK = YES;
				CLANG_WARN_BLOCK_CAPTURE_AUTORELEASING = YES;
				CLANG_WARN_BOOL_CONVERSION = YES;
				CLANG_WARN_COMMA = YES;
				CLANG_WARN_CONSTANT_CONVERSION = YES;
				CLANG_WARN_DEPRECATED_OBJC_IMPLEMENTATIONS = YES;
				CLANG_WARN_DIRECT_OBJC_ISA_USAGE = YES_ERROR;
				CLANG_WARN_DOCUMENTATION_COMMENTS = YES;
				CLANG_WARN_EMPTY_BODY = YES;
				CLANG_WARN_ENUM_CONVERSION = YES;
				CLANG_WARN_INFINITE_RECURSION = YES;
				CLANG_WARN_INT_CONVERSION = YES;
				CLANG_WARN_NON_LITERAL_NULL_CONVERSION = YES;
				CLANG_WARN_OBJC_IMPLICIT_RETAIN_SELF = YES;
				CLANG_WARN_OBJC_LITERAL_CONVERSION = YES;
				CLANG_WARN_OBJC_ROOT_CLASS = YES_ERROR;
				CLANG_WARN_QUOTED_INCLUDE_IN_FRAMEWORK_HEADER = YES;
				CLANG_WARN_RANGE_LOOP_ANALYSIS = YES;
				CLANG_WARN_STRICT_PROTOTYPES = YES;
				CLANG_WARN_SUSPICIOUS_MOVE = YES;
				CLANG_WARN_UNGUARDED_AVAILABILITY = YES_AGGRESSIVE;
				CLANG_WARN_UNREACHABLE_CODE = YES;
				CLANG_WARN__DUPLICATE_METHOD_MATCH = YES;
				COPY_PHASE_STRIP = NO;
				DEBUG_INFORMATION_FORMAT = dwarf;
				ENABLE_STRICT_OBJC_MSGSEND = YES;
				ENABLE_TESTABILITY = YES;
				GCC_C_LANGUAGE_STANDARD = gnu11;
				GCC_DYNAMIC_NO_PIC = NO;
				GCC_NO_COMMON_BLOCKS = YES;
				GCC_OPTIMIZATION_LEVEL = 0;
				GCC_PREPROCESSOR_DEFINITIONS = (
					"DEBUG=1",
					"$(inherited)",
				);
				GCC_WARN_64_TO_32_BIT_CONVERSION = YES;
				GCC_WARN_ABOUT_RETURN_TYPE = YES_ERROR;
				GCC_WARN_UNDECLARED_SELECTOR = YES;
				GCC_WARN_UNINITIALIZED_AUTOS = YES_AGGRESSIVE;
				GCC_WARN_UNUSED_FUNCTION = YES;
				GCC_WARN_UNUSED_VARIABLE = YES;
				IPHONEOS_DEPLOYMENT_TARGET = 15.5;
				MTL_ENABLE_DEBUG_INFO = INCLUDE_SOURCE;
				MTL_FAST_MATH = YES;
				ONLY_ACTIVE_ARCH = YES;
				SDKROOT = iphoneos;
				SWIFT_ACTIVE_COMPILATION_CONDITIONS = DEBUG;
				SWIFT_OPTIMIZATION_LEVEL = "-Onone";
			};
			name = Debug;
		};
		1FF34B4C28AA8DD7004C9F4B /* Release */ = {
			isa = XCBuildConfiguration;
			buildSettings = {
				ALWAYS_SEARCH_USER_PATHS = NO;
				CLANG_ANALYZER_NONNULL = YES;
				CLANG_ANALYZER_NUMBER_OBJECT_CONVERSION = YES_AGGRESSIVE;
				CLANG_CXX_LANGUAGE_STANDARD = "gnu++17";
				CLANG_ENABLE_MODULES = YES;
				CLANG_ENABLE_OBJC_ARC = YES;
				CLANG_ENABLE_OBJC_WEAK = YES;
				CLANG_WARN_BLOCK_CAPTURE_AUTORELEASING = YES;
				CLANG_WARN_BOOL_CONVERSION = YES;
				CLANG_WARN_COMMA = YES;
				CLANG_WARN_CONSTANT_CONVERSION = YES;
				CLANG_WARN_DEPRECATED_OBJC_IMPLEMENTATIONS = YES;
				CLANG_WARN_DIRECT_OBJC_ISA_USAGE = YES_ERROR;
				CLANG_WARN_DOCUMENTATION_COMMENTS = YES;
				CLANG_WARN_EMPTY_BODY = YES;
				CLANG_WARN_ENUM_CONVERSION = YES;
				CLANG_WARN_INFINITE_RECURSION = YES;
				CLANG_WARN_INT_CONVERSION = YES;
				CLANG_WARN_NON_LITERAL_NULL_CONVERSION = YES;
				CLANG_WARN_OBJC_IMPLICIT_RETAIN_SELF = YES;
				CLANG_WARN_OBJC_LITERAL_CONVERSION = YES;
				CLANG_WARN_OBJC_ROOT_CLASS = YES_ERROR;
				CLANG_WARN_QUOTED_INCLUDE_IN_FRAMEWORK_HEADER = YES;
				CLANG_WARN_RANGE_LOOP_ANALYSIS = YES;
				CLANG_WARN_STRICT_PROTOTYPES = YES;
				CLANG_WARN_SUSPICIOUS_MOVE = YES;
				CLANG_WARN_UNGUARDED_AVAILABILITY = YES_AGGRESSIVE;
				CLANG_WARN_UNREACHABLE_CODE = YES;
				CLANG_WARN__DUPLICATE_METHOD_MATCH = YES;
				COPY_PHASE_STRIP = NO;
				DEBUG_INFORMATION_FORMAT = "dwarf-with-dsym";
				ENABLE_NS_ASSERTIONS = NO;
				ENABLE_STRICT_OBJC_MSGSEND = YES;
				GCC_C_LANGUAGE_STANDARD = gnu11;
				GCC_NO_COMMON_BLOCKS = YES;
				GCC_WARN_64_TO_32_BIT_CONVERSION = YES;
				GCC_WARN_ABOUT_RETURN_TYPE = YES_ERROR;
				GCC_WARN_UNDECLARED_SELECTOR = YES;
				GCC_WARN_UNINITIALIZED_AUTOS = YES_AGGRESSIVE;
				GCC_WARN_UNUSED_FUNCTION = YES;
				GCC_WARN_UNUSED_VARIABLE = YES;
				IPHONEOS_DEPLOYMENT_TARGET = 15.5;
				MTL_ENABLE_DEBUG_INFO = NO;
				MTL_FAST_MATH = YES;
				SDKROOT = iphoneos;
				SWIFT_COMPILATION_MODE = wholemodule;
				SWIFT_OPTIMIZATION_LEVEL = "-O";
				VALIDATE_PRODUCT = YES;
			};
			name = Release;
		};
		1FF34B4E28AA8DD7004C9F4B /* Debug */ = {
			isa = XCBuildConfiguration;
			buildSettings = {
				ASSETCATALOG_COMPILER_APPICON_NAME = AppIcon;
				ASSETCATALOG_COMPILER_GLOBAL_ACCENT_COLOR_NAME = AccentColor;
				CODE_SIGN_STYLE = Automatic;
				CURRENT_PROJECT_VERSION = 1;
				DEVELOPMENT_TEAM = 3P68P6X29Q;
				GENERATE_INFOPLIST_FILE = YES;
				INFOPLIST_FILE = TableViewExercise/Info.plist;
				INFOPLIST_KEY_UIApplicationSupportsIndirectInputEvents = YES;
				INFOPLIST_KEY_UILaunchStoryboardName = LaunchScreen;
				INFOPLIST_KEY_UIMainStoryboardFile = Main;
				INFOPLIST_KEY_UISupportedInterfaceOrientations_iPad = "UIInterfaceOrientationPortrait UIInterfaceOrientationPortraitUpsideDown UIInterfaceOrientationLandscapeLeft UIInterfaceOrientationLandscapeRight";
				INFOPLIST_KEY_UISupportedInterfaceOrientations_iPhone = "UIInterfaceOrientationPortrait UIInterfaceOrientationLandscapeLeft UIInterfaceOrientationLandscapeRight";
				LD_RUNPATH_SEARCH_PATHS = (
					"$(inherited)",
					"@executable_path/Frameworks",
				);
				MARKETING_VERSION = 1.0;
				PRODUCT_BUNDLE_IDENTIFIER = com.dehasuer.TableViewExercise;
				PRODUCT_NAME = "$(TARGET_NAME)";
				SWIFT_EMIT_LOC_STRINGS = YES;
				SWIFT_VERSION = 5.0;
				TARGETED_DEVICE_FAMILY = "1,2";
			};
			name = Debug;
		};
		1FF34B4F28AA8DD7004C9F4B /* Release */ = {
			isa = XCBuildConfiguration;
			buildSettings = {
				ASSETCATALOG_COMPILER_APPICON_NAME = AppIcon;
				ASSETCATALOG_COMPILER_GLOBAL_ACCENT_COLOR_NAME = AccentColor;
				CODE_SIGN_STYLE = Automatic;
				CURRENT_PROJECT_VERSION = 1;
				DEVELOPMENT_TEAM = 3P68P6X29Q;
				GENERATE_INFOPLIST_FILE = YES;
				INFOPLIST_FILE = TableViewExercise/Info.plist;
				INFOPLIST_KEY_UIApplicationSupportsIndirectInputEvents = YES;
				INFOPLIST_KEY_UILaunchStoryboardName = LaunchScreen;
				INFOPLIST_KEY_UIMainStoryboardFile = Main;
				INFOPLIST_KEY_UISupportedInterfaceOrientations_iPad = "UIInterfaceOrientationPortrait UIInterfaceOrientationPortraitUpsideDown UIInterfaceOrientationLandscapeLeft UIInterfaceOrientationLandscapeRight";
				INFOPLIST_KEY_UISupportedInterfaceOrientations_iPhone = "UIInterfaceOrientationPortrait UIInterfaceOrientationLandscapeLeft UIInterfaceOrientationLandscapeRight";
				LD_RUNPATH_SEARCH_PATHS = (
					"$(inherited)",
					"@executable_path/Frameworks",
				);
				MARKETING_VERSION = 1.0;
				PRODUCT_BUNDLE_IDENTIFIER = com.dehasuer.TableViewExercise;
				PRODUCT_NAME = "$(TARGET_NAME)";
				SWIFT_EMIT_LOC_STRINGS = YES;
				SWIFT_VERSION = 5.0;
				TARGETED_DEVICE_FAMILY = "1,2";
			};
			name = Release;
		};
		1FF34B5128AA8DD7004C9F4B /* Debug */ = {
			isa = XCBuildConfiguration;
			buildSettings = {
				ALWAYS_EMBED_SWIFT_STANDARD_LIBRARIES = YES;
				BUNDLE_LOADER = "$(TEST_HOST)";
				CODE_SIGN_STYLE = Automatic;
				CURRENT_PROJECT_VERSION = 1;
				DEVELOPMENT_TEAM = 3P68P6X29Q;
				GENERATE_INFOPLIST_FILE = YES;
				IPHONEOS_DEPLOYMENT_TARGET = 15.5;
				MARKETING_VERSION = 1.0;
				PRODUCT_BUNDLE_IDENTIFIER = com.dehasuer.TableViewExerciseTests;
				PRODUCT_NAME = "$(TARGET_NAME)";
				SWIFT_EMIT_LOC_STRINGS = NO;
				SWIFT_VERSION = 5.0;
				TARGETED_DEVICE_FAMILY = "1,2";
				TEST_HOST = "$(BUILT_PRODUCTS_DIR)/TableViewExercise.app/TableViewExercise";
			};
			name = Debug;
		};
		1FF34B5228AA8DD7004C9F4B /* Release */ = {
			isa = XCBuildConfiguration;
			buildSettings = {
				ALWAYS_EMBED_SWIFT_STANDARD_LIBRARIES = YES;
				BUNDLE_LOADER = "$(TEST_HOST)";
				CODE_SIGN_STYLE = Automatic;
				CURRENT_PROJECT_VERSION = 1;
				DEVELOPMENT_TEAM = 3P68P6X29Q;
				GENERATE_INFOPLIST_FILE = YES;
				IPHONEOS_DEPLOYMENT_TARGET = 15.5;
				MARKETING_VERSION = 1.0;
				PRODUCT_BUNDLE_IDENTIFIER = com.dehasuer.TableViewExerciseTests;
				PRODUCT_NAME = "$(TARGET_NAME)";
				SWIFT_EMIT_LOC_STRINGS = NO;
				SWIFT_VERSION = 5.0;
				TARGETED_DEVICE_FAMILY = "1,2";
				TEST_HOST = "$(BUILT_PRODUCTS_DIR)/TableViewExercise.app/TableViewExercise";
			};
			name = Release;
		};
		1FF34B5428AA8DD7004C9F4B /* Debug */ = {
			isa = XCBuildConfiguration;
			buildSettings = {
				ALWAYS_EMBED_SWIFT_STANDARD_LIBRARIES = YES;
				CODE_SIGN_STYLE = Automatic;
				CURRENT_PROJECT_VERSION = 1;
				DEVELOPMENT_TEAM = 3P68P6X29Q;
				GENERATE_INFOPLIST_FILE = YES;
				MARKETING_VERSION = 1.0;
				PRODUCT_BUNDLE_IDENTIFIER = com.dehasuer.TableViewExerciseUITests;
				PRODUCT_NAME = "$(TARGET_NAME)";
				SWIFT_EMIT_LOC_STRINGS = NO;
				SWIFT_VERSION = 5.0;
				TARGETED_DEVICE_FAMILY = "1,2";
				TEST_TARGET_NAME = TableViewExercise;
			};
			name = Debug;
		};
		1FF34B5528AA8DD7004C9F4B /* Release */ = {
			isa = XCBuildConfiguration;
			buildSettings = {
				ALWAYS_EMBED_SWIFT_STANDARD_LIBRARIES = YES;
				CODE_SIGN_STYLE = Automatic;
				CURRENT_PROJECT_VERSION = 1;
				DEVELOPMENT_TEAM = 3P68P6X29Q;
				GENERATE_INFOPLIST_FILE = YES;
				MARKETING_VERSION = 1.0;
				PRODUCT_BUNDLE_IDENTIFIER = com.dehasuer.TableViewExerciseUITests;
				PRODUCT_NAME = "$(TARGET_NAME)";
				SWIFT_EMIT_LOC_STRINGS = NO;
				SWIFT_VERSION = 5.0;
				TARGETED_DEVICE_FAMILY = "1,2";
				TEST_TARGET_NAME = TableViewExercise;
			};
			name = Release;
		};
/* End XCBuildConfiguration section */

/* Begin XCConfigurationList section */
		1FF34B1E28AA8DD6004C9F4B /* Build configuration list for PBXProject "TableViewExercise" */ = {
			isa = XCConfigurationList;
			buildConfigurations = (
				1FF34B4B28AA8DD7004C9F4B /* Debug */,
				1FF34B4C28AA8DD7004C9F4B /* Release */,
			);
			defaultConfigurationIsVisible = 0;
			defaultConfigurationName = Release;
		};
		1FF34B4D28AA8DD7004C9F4B /* Build configuration list for PBXNativeTarget "TableViewExercise" */ = {
			isa = XCConfigurationList;
			buildConfigurations = (
				1FF34B4E28AA8DD7004C9F4B /* Debug */,
				1FF34B4F28AA8DD7004C9F4B /* Release */,
			);
			defaultConfigurationIsVisible = 0;
			defaultConfigurationName = Release;
		};
		1FF34B5028AA8DD7004C9F4B /* Build configuration list for PBXNativeTarget "TableViewExerciseTests" */ = {
			isa = XCConfigurationList;
			buildConfigurations = (
				1FF34B5128AA8DD7004C9F4B /* Debug */,
				1FF34B5228AA8DD7004C9F4B /* Release */,
			);
			defaultConfigurationIsVisible = 0;
			defaultConfigurationName = Release;
		};
		1FF34B5328AA8DD7004C9F4B /* Build configuration list for PBXNativeTarget "TableViewExerciseUITests" */ = {
			isa = XCConfigurationList;
			buildConfigurations = (
				1FF34B5428AA8DD7004C9F4B /* Debug */,
				1FF34B5528AA8DD7004C9F4B /* Release */,
			);
			defaultConfigurationIsVisible = 0;
			defaultConfigurationName = Release;
		};
/* End XCConfigurationList section */
	};
	rootObject = 1FF34B1B28AA8DD6004C9F4B /* Project object */;
}
